// !$*UTF8*$!
{
	archiveVersion = 1;
	classes = {
	};
	objectVersion = 46;
	objects = {

/* Begin PBXBuildFile section */
		7F1F607E1921F46500FCCBD3 /* Foundation.framework in Frameworks */ = {isa = PBXBuildFile; fileRef = 7F1F607D1921F46500FCCBD3 /* Foundation.framework */; };
		7F1F60801921F46500FCCBD3 /* CoreGraphics.framework in Frameworks */ = {isa = PBXBuildFile; fileRef = 7F1F607F1921F46500FCCBD3 /* CoreGraphics.framework */; };
		7F1F60821921F46500FCCBD3 /* UIKit.framework in Frameworks */ = {isa = PBXBuildFile; fileRef = 7F1F60811921F46500FCCBD3 /* UIKit.framework */; };
		7F1F60881921F46500FCCBD3 /* InfoPlist.strings in Resources */ = {isa = PBXBuildFile; fileRef = 7F1F60861921F46500FCCBD3 /* InfoPlist.strings */; };
		7F1F608A1921F46500FCCBD3 /* main.m in Sources */ = {isa = PBXBuildFile; fileRef = 7F1F60891921F46500FCCBD3 /* main.m */; };
		7F1F608E1921F46500FCCBD3 /* NEAppDelegate.m in Sources */ = {isa = PBXBuildFile; fileRef = 7F1F608D1921F46500FCCBD3 /* NEAppDelegate.m */; };
		7F1F60911921F46500FCCBD3 /* Main.storyboard in Resources */ = {isa = PBXBuildFile; fileRef = 7F1F608F1921F46500FCCBD3 /* Main.storyboard */; };
		7F1F60941921F46500FCCBD3 /* NEViewController.m in Sources */ = {isa = PBXBuildFile; fileRef = 7F1F60931921F46500FCCBD3 /* NEViewController.m */; };
		7F1F60961921F46500FCCBD3 /* Images.xcassets in Resources */ = {isa = PBXBuildFile; fileRef = 7F1F60951921F46500FCCBD3 /* Images.xcassets */; };
		7F1F609D1921F46500FCCBD3 /* XCTest.framework in Frameworks */ = {isa = PBXBuildFile; fileRef = 7F1F609C1921F46500FCCBD3 /* XCTest.framework */; };
		7F1F609E1921F46500FCCBD3 /* Foundation.framework in Frameworks */ = {isa = PBXBuildFile; fileRef = 7F1F607D1921F46500FCCBD3 /* Foundation.framework */; };
		7F1F609F1921F46500FCCBD3 /* UIKit.framework in Frameworks */ = {isa = PBXBuildFile; fileRef = 7F1F60811921F46500FCCBD3 /* UIKit.framework */; };
		7F1F60A71921F46500FCCBD3 /* InfoPlist.strings in Resources */ = {isa = PBXBuildFile; fileRef = 7F1F60A51921F46500FCCBD3 /* InfoPlist.strings */; };
		7F1F60A91921F46500FCCBD3 /* UIDemoTests.m in Sources */ = {isa = PBXBuildFile; fileRef = 7F1F60A81921F46500FCCBD3 /* UIDemoTests.m */; };
/* End PBXBuildFile section */

/* Begin PBXContainerItemProxy section */
		7F1F60A01921F46500FCCBD3 /* PBXContainerItemProxy */ = {
			isa = PBXContainerItemProxy;
			containerPortal = 7F1F60721921F46500FCCBD3 /* Project object */;
			proxyType = 1;
			remoteGlobalIDString = 7F1F60791921F46500FCCBD3;
			remoteInfo = UIDemo;
		};
/* End PBXContainerItemProxy section */

/* Begin PBXFileReference section */
		7F1F607A1921F46500FCCBD3 /* UIDemo.app */ = {isa = PBXFileReference; explicitFileType = wrapper.application; includeInIndex = 0; path = UIDemo.app; sourceTree = BUILT_PRODUCTS_DIR; };
		7F1F607D1921F46500FCCBD3 /* Foundation.framework */ = {isa = PBXFileReference; lastKnownFileType = wrapper.framework; name = Foundation.framework; path = System/Library/Frameworks/Foundation.framework; sourceTree = SDKROOT; };
		7F1F607F1921F46500FCCBD3 /* CoreGraphics.framework */ = {isa = PBXFileReference; lastKnownFileType = wrapper.framework; name = CoreGraphics.framework; path = System/Library/Frameworks/CoreGraphics.framework; sourceTree = SDKROOT; };
		7F1F60811921F46500FCCBD3 /* UIKit.framework */ = {isa = PBXFileReference; lastKnownFileType = wrapper.framework; name = UIKit.framework; path = System/Library/Frameworks/UIKit.framework; sourceTree = SDKROOT; };
		7F1F60851921F46500FCCBD3 /* UIDemo-Info.plist */ = {isa = PBXFileReference; lastKnownFileType = text.plist.xml; path = "UIDemo-Info.plist"; sourceTree = "<group>"; };
		7F1F60871921F46500FCCBD3 /* en */ = {isa = PBXFileReference; lastKnownFileType = text.plist.strings; name = en; path = en.lproj/InfoPlist.strings; sourceTree = "<group>"; };
		7F1F60891921F46500FCCBD3 /* main.m */ = {isa = PBXFileReference; lastKnownFileType = sourcecode.c.objc; path = main.m; sourceTree = "<group>"; };
		7F1F608B1921F46500FCCBD3 /* UIDemo-Prefix.pch */ = {isa = PBXFileReference; lastKnownFileType = sourcecode.c.h; path = "UIDemo-Prefix.pch"; sourceTree = "<group>"; };
		7F1F608C1921F46500FCCBD3 /* NEAppDelegate.h */ = {isa = PBXFileReference; lastKnownFileType = sourcecode.c.h; path = NEAppDelegate.h; sourceTree = "<group>"; };
		7F1F608D1921F46500FCCBD3 /* NEAppDelegate.m */ = {isa = PBXFileReference; lastKnownFileType = sourcecode.c.objc; path = NEAppDelegate.m; sourceTree = "<group>"; };
		7F1F60901921F46500FCCBD3 /* Base */ = {isa = PBXFileReference; lastKnownFileType = file.storyboard; name = Base; path = Base.lproj/Main.storyboard; sourceTree = "<group>"; };
		7F1F60921921F46500FCCBD3 /* NEViewController.h */ = {isa = PBXFileReference; lastKnownFileType = sourcecode.c.h; path = NEViewController.h; sourceTree = "<group>"; };
		7F1F60931921F46500FCCBD3 /* NEViewController.m */ = {isa = PBXFileReference; lastKnownFileType = sourcecode.c.objc; path = NEViewController.m; sourceTree = "<group>"; };
		7F1F60951921F46500FCCBD3 /* Images.xcassets */ = {isa = PBXFileReference; lastKnownFileType = folder.assetcatalog; path = Images.xcassets; sourceTree = "<group>"; };
		7F1F609B1921F46500FCCBD3 /* UIDemoTests.xctest */ = {isa = PBXFileReference; explicitFileType = wrapper.cfbundle; includeInIndex = 0; path = UIDemoTests.xctest; sourceTree = BUILT_PRODUCTS_DIR; };
		7F1F609C1921F46500FCCBD3 /* XCTest.framework */ = {isa = PBXFileReference; lastKnownFileType = wrapper.framework; name = XCTest.framework; path = Library/Frameworks/XCTest.framework; sourceTree = DEVELOPER_DIR; };
		7F1F60A41921F46500FCCBD3 /* UIDemoTests-Info.plist */ = {isa = PBXFileReference; lastKnownFileType = text.plist.xml; path = "UIDemoTests-Info.plist"; sourceTree = "<group>"; };
		7F1F60A61921F46500FCCBD3 /* en */ = {isa = PBXFileReference; lastKnownFileType = text.plist.strings; name = en; path = en.lproj/InfoPlist.strings; sourceTree = "<group>"; };
		7F1F60A81921F46500FCCBD3 /* UIDemoTests.m */ = {isa = PBXFileReference; lastKnownFileType = sourcecode.c.objc; path = UIDemoTests.m; sourceTree = "<group>"; };
/* End PBXFileReference section */

/* Begin PBXFrameworksBuildPhase section */
		7F1F60771921F46500FCCBD3 /* Frameworks */ = {
			isa = PBXFrameworksBuildPhase;
			buildActionMask = 2147483647;
			files = (
				7F1F60801921F46500FCCBD3 /* CoreGraphics.framework in Frameworks */,
				7F1F60821921F46500FCCBD3 /* UIKit.framework in Frameworks */,
				7F1F607E1921F46500FCCBD3 /* Foundation.framework in Frameworks */,
			);
			runOnlyForDeploymentPostprocessing = 0;
		};
		7F1F60981921F46500FCCBD3 /* Frameworks */ = {
			isa = PBXFrameworksBuildPhase;
			buildActionMask = 2147483647;
			files = (
				7F1F609D1921F46500FCCBD3 /* XCTest.framework in Frameworks */,
				7F1F609F1921F46500FCCBD3 /* UIKit.framework in Frameworks */,
				7F1F609E1921F46500FCCBD3 /* Foundation.framework in Frameworks */,
			);
			runOnlyForDeploymentPostprocessing = 0;
		};
/* End PBXFrameworksBuildPhase section */

/* Begin PBXGroup section */
		7F1F60711921F46500FCCBD3 = {
			isa = PBXGroup;
			children = (
				7F1F60831921F46500FCCBD3 /* UIDemo */,
				7F1F60A21921F46500FCCBD3 /* UIDemoTests */,
				7F1F607C1921F46500FCCBD3 /* Frameworks */,
				7F1F607B1921F46500FCCBD3 /* Products */,
			);
			sourceTree = "<group>";
		};
		7F1F607B1921F46500FCCBD3 /* Products */ = {
			isa = PBXGroup;
			children = (
				7F1F607A1921F46500FCCBD3 /* UIDemo.app */,
				7F1F609B1921F46500FCCBD3 /* UIDemoTests.xctest */,
			);
			name = Products;
			sourceTree = "<group>";
		};
		7F1F607C1921F46500FCCBD3 /* Frameworks */ = {
			isa = PBXGroup;
			children = (
				7F1F607D1921F46500FCCBD3 /* Foundation.framework */,
				7F1F607F1921F46500FCCBD3 /* CoreGraphics.framework */,
				7F1F60811921F46500FCCBD3 /* UIKit.framework */,
				7F1F609C1921F46500FCCBD3 /* XCTest.framework */,
			);
			name = Frameworks;
			sourceTree = "<group>";
		};
		7F1F60831921F46500FCCBD3 /* UIDemo */ = {
			isa = PBXGroup;
			children = (
				7F1F608C1921F46500FCCBD3 /* NEAppDelegate.h */,
				7F1F608D1921F46500FCCBD3 /* NEAppDelegate.m */,
				7F1F608F1921F46500FCCBD3 /* Main.storyboard */,
				7F1F60921921F46500FCCBD3 /* NEViewController.h */,
				7F1F60931921F46500FCCBD3 /* NEViewController.m */,
				7F1F60951921F46500FCCBD3 /* Images.xcassets */,
				7F1F60841921F46500FCCBD3 /* Supporting Files */,
			);
			path = UIDemo;
			sourceTree = "<group>";
		};
		7F1F60841921F46500FCCBD3 /* Supporting Files */ = {
			isa = PBXGroup;
			children = (
				7F1F60851921F46500FCCBD3 /* UIDemo-Info.plist */,
				7F1F60861921F46500FCCBD3 /* InfoPlist.strings */,
				7F1F60891921F46500FCCBD3 /* main.m */,
				7F1F608B1921F46500FCCBD3 /* UIDemo-Prefix.pch */,
			);
			name = "Supporting Files";
			sourceTree = "<group>";
		};
		7F1F60A21921F46500FCCBD3 /* UIDemoTests */ = {
			isa = PBXGroup;
			children = (
				7F1F60A81921F46500FCCBD3 /* UIDemoTests.m */,
				7F1F60A31921F46500FCCBD3 /* Supporting Files */,
			);
			path = UIDemoTests;
			sourceTree = "<group>";
		};
		7F1F60A31921F46500FCCBD3 /* Supporting Files */ = {
			isa = PBXGroup;
			children = (
				7F1F60A41921F46500FCCBD3 /* UIDemoTests-Info.plist */,
				7F1F60A51921F46500FCCBD3 /* InfoPlist.strings */,
			);
			name = "Supporting Files";
			sourceTree = "<group>";
		};
/* End PBXGroup section */

/* Begin PBXNativeTarget section */
		7F1F60791921F46500FCCBD3 /* UIDemo */ = {
			isa = PBXNativeTarget;
			buildConfigurationList = 7F1F60AC1921F46500FCCBD3 /* Build configuration list for PBXNativeTarget "UIDemo" */;
			buildPhases = (
				7F1F60761921F46500FCCBD3 /* Sources */,
				7F1F60771921F46500FCCBD3 /* Frameworks */,
				7F1F60781921F46500FCCBD3 /* Resources */,
			);
			buildRules = (
			);
			dependencies = (
			);
			name = UIDemo;
			productName = UIDemo;
			productReference = 7F1F607A1921F46500FCCBD3 /* UIDemo.app */;
			productType = "com.apple.product-type.application";
		};
		7F1F609A1921F46500FCCBD3 /* UIDemoTests */ = {
			isa = PBXNativeTarget;
			buildConfigurationList = 7F1F60AF1921F46500FCCBD3 /* Build configuration list for PBXNativeTarget "UIDemoTests" */;
			buildPhases = (
				7F1F60971921F46500FCCBD3 /* Sources */,
				7F1F60981921F46500FCCBD3 /* Frameworks */,
				7F1F60991921F46500FCCBD3 /* Resources */,
			);
			buildRules = (
			);
			dependencies = (
				7F1F60A11921F46500FCCBD3 /* PBXTargetDependency */,
			);
			name = UIDemoTests;
			productName = UIDemoTests;
			productReference = 7F1F609B1921F46500FCCBD3 /* UIDemoTests.xctest */;
			productType = "com.apple.product-type.bundle.unit-test";
		};
/* End PBXNativeTarget section */

/* Begin PBXProject section */
		7F1F60721921F46500FCCBD3 /* Project object */ = {
			isa = PBXProject;
			attributes = {
				CLASSPREFIX = NE;
				LastUpgradeCheck = 0510;
				ORGANIZATIONNAME = NetEase;
				TargetAttributes = {
					7F1F609A1921F46500FCCBD3 = {
						TestTargetID = 7F1F60791921F46500FCCBD3;
					};
				};
			};
			buildConfigurationList = 7F1F60751921F46500FCCBD3 /* Build configuration list for PBXProject "UIDemo" */;
			compatibilityVersion = "Xcode 3.2";
			developmentRegion = English;
			hasScannedForEncodings = 0;
			knownRegions = (
				en,
				Base,
			);
			mainGroup = 7F1F60711921F46500FCCBD3;
			productRefGroup = 7F1F607B1921F46500FCCBD3 /* Products */;
			projectDirPath = "";
			projectRoot = "";
			targets = (
				7F1F60791921F46500FCCBD3 /* UIDemo */,
				7F1F609A1921F46500FCCBD3 /* UIDemoTests */,
			);
		};
/* End PBXProject section */

/* Begin PBXResourcesBuildPhase section */
		7F1F60781921F46500FCCBD3 /* Resources */ = {
			isa = PBXResourcesBuildPhase;
			buildActionMask = 2147483647;
			files = (
				7F1F60961921F46500FCCBD3 /* Images.xcassets in Resources */,
				7F1F60881921F46500FCCBD3 /* InfoPlist.strings in Resources */,
				7F1F60911921F46500FCCBD3 /* Main.storyboard in Resources */,
			);
			runOnlyForDeploymentPostprocessing = 0;
		};
		7F1F60991921F46500FCCBD3 /* Resources */ = {
			isa = PBXResourcesBuildPhase;
			buildActionMask = 2147483647;
			files = (
				7F1F60A71921F46500FCCBD3 /* InfoPlist.strings in Resources */,
			);
			runOnlyForDeploymentPostprocessing = 0;
		};
/* End PBXResourcesBuildPhase section */

/* Begin PBXSourcesBuildPhase section */
		7F1F60761921F46500FCCBD3 /* Sources */ = {
			isa = PBXSourcesBuildPhase;
			buildActionMask = 2147483647;
			files = (
				7F1F60941921F46500FCCBD3 /* NEViewController.m in Sources */,
				7F1F608A1921F46500FCCBD3 /* main.m in Sources */,
				7F1F608E1921F46500FCCBD3 /* NEAppDelegate.m in Sources */,
			);
			runOnlyForDeploymentPostprocessing = 0;
		};
		7F1F60971921F46500FCCBD3 /* Sources */ = {
			isa = PBXSourcesBuildPhase;
			buildActionMask = 2147483647;
			files = (
				7F1F60A91921F46500FCCBD3 /* UIDemoTests.m in Sources */,
			);
			runOnlyForDeploymentPostprocessing = 0;
		};
/* End PBXSourcesBuildPhase section */

/* Begin PBXTargetDependency section */
		7F1F60A11921F46500FCCBD3 /* PBXTargetDependency */ = {
			isa = PBXTargetDependency;
			target = 7F1F60791921F46500FCCBD3 /* UIDemo */;
			targetProxy = 7F1F60A01921F46500FCCBD3 /* PBXContainerItemProxy */;
		};
/* End PBXTargetDependency section */

/* Begin PBXVariantGroup section */
		7F1F60861921F46500FCCBD3 /* InfoPlist.strings */ = {
			isa = PBXVariantGroup;
			children = (
				7F1F60871921F46500FCCBD3 /* en */,
			);
			name = InfoPlist.strings;
			sourceTree = "<group>";
		};
		7F1F608F1921F46500FCCBD3 /* Main.storyboard */ = {
			isa = PBXVariantGroup;
			children = (
				7F1F60901921F46500FCCBD3 /* Base */,
			);
			name = Main.storyboard;
			sourceTree = "<group>";
		};
		7F1F60A51921F46500FCCBD3 /* InfoPlist.strings */ = {
			isa = PBXVariantGroup;
			children = (
				7F1F60A61921F46500FCCBD3 /* en */,
			);
			name = InfoPlist.strings;
			sourceTree = "<group>";
		};
/* End PBXVariantGroup section */

/* Begin XCBuildConfiguration section */
		7F1F60AA1921F46500FCCBD3 /* Debug */ = {
			isa = XCBuildConfiguration;
			buildSettings = {
				ALWAYS_SEARCH_USER_PATHS = NO;
				CLANG_CXX_LANGUAGE_STANDARD = "gnu++0x";
				CLANG_CXX_LIBRARY = "libc++";
				CLANG_ENABLE_MODULES = YES;
				CLANG_ENABLE_OBJC_ARC = YES;
				CLANG_WARN_BOOL_CONVERSION = YES;
				CLANG_WARN_CONSTANT_CONVERSION = YES;
				CLANG_WARN_DIRECT_OBJC_ISA_USAGE = YES_ERROR;
				CLANG_WARN_EMPTY_BODY = YES;
				CLANG_WARN_ENUM_CONVERSION = YES;
				CLANG_WARN_INT_CONVERSION = YES;
				CLANG_WARN_OBJC_ROOT_CLASS = YES_ERROR;
				CLANG_WARN__DUPLICATE_METHOD_MATCH = YES;
				"CODE_SIGN_IDENTITY[sdk=iphoneos*]" = "iPhone Developer";
				COPY_PHASE_STRIP = NO;
				GCC_C_LANGUAGE_STANDARD = gnu99;
				GCC_DYNAMIC_NO_PIC = NO;
				GCC_OPTIMIZATION_LEVEL = 0;
				GCC_PREPROCESSOR_DEFINITIONS = (
					"DEBUG=1",
					"$(inherited)",
				);
				GCC_SYMBOLS_PRIVATE_EXTERN = NO;
				GCC_WARN_64_TO_32_BIT_CONVERSION = YES;
				GCC_WARN_ABOUT_RETURN_TYPE = YES_ERROR;
				GCC_WARN_UNDECLARED_SELECTOR = YES;
				GCC_WARN_UNINITIALIZED_AUTOS = YES_AGGRESSIVE;
				GCC_WARN_UNUSED_FUNCTION = YES;
				GCC_WARN_UNUSED_VARIABLE = YES;
				IPHONEOS_DEPLOYMENT_TARGET = 7.1;
				ONLY_ACTIVE_ARCH = YES;
				SDKROOT = iphoneos;
			};
			name = Debug;
		};
		7F1F60AB1921F46500FCCBD3 /* Release */ = {
			isa = XCBuildConfiguration;
			buildSettings = {
				ALWAYS_SEARCH_USER_PATHS = NO;
				CLANG_CXX_LANGUAGE_STANDARD = "gnu++0x";
				CLANG_CXX_LIBRARY = "libc++";
				CLANG_ENABLE_MODULES = YES;
				CLANG_ENABLE_OBJC_ARC = YES;
				CLANG_WARN_BOOL_CONVERSION = YES;
				CLANG_WARN_CONSTANT_CONVERSION = YES;
				CLANG_WARN_DIRECT_OBJC_ISA_USAGE = YES_ERROR;
				CLANG_WARN_EMPTY_BODY = YES;
				CLANG_WARN_ENUM_CONVERSION = YES;
				CLANG_WARN_INT_CONVERSION = YES;
				CLANG_WARN_OBJC_ROOT_CLASS = YES_ERROR;
				CLANG_WARN__DUPLICATE_METHOD_MATCH = YES;
				"CODE_SIGN_IDENTITY[sdk=iphoneos*]" = "iPhone Developer";
				COPY_PHASE_STRIP = YES;
				ENABLE_NS_ASSERTIONS = NO;
				GCC_C_LANGUAGE_STANDARD = gnu99;
				GCC_WARN_64_TO_32_BIT_CONVERSION = YES;
				GCC_WARN_ABOUT_RETURN_TYPE = YES_ERROR;
				GCC_WARN_UNDECLARED_SELECTOR = YES;
				GCC_WARN_UNINITIALIZED_AUTOS = YES_AGGRESSIVE;
				GCC_WARN_UNUSED_FUNCTION = YES;
				GCC_WARN_UNUSED_VARIABLE = YES;
				IPHONEOS_DEPLOYMENT_TARGET = 7.1;
				SDKROOT = iphoneos;
				VALIDATE_PRODUCT = YES;
			};
			name = Release;
		};
		7F1F60AD1921F46500FCCBD3 /* Debug */ = {
			isa = XCBuildConfiguration;
			buildSettings = {
				ASSETCATALOG_COMPILER_APPICON_NAME = AppIcon;
				ASSETCATALOG_COMPILER_LAUNCHIMAGE_NAME = LaunchImage;
				GCC_PRECOMPILE_PREFIX_HEADER = YES;
				GCC_PREFIX_HEADER = "UIDemo/UIDemo-Prefix.pch";
				INFOPLIST_FILE = "UIDemo/UIDemo-Info.plist";
				PRODUCT_NAME = "$(TARGET_NAME)";
				WRAPPER_EXTENSION = app;
			};
			name = Debug;
		};
		7F1F60AE1921F46500FCCBD3 /* Release */ = {
			isa = XCBuildConfiguration;
			buildSettings = {
				ASSETCATALOG_COMPILER_APPICON_NAME = AppIcon;
				ASSETCATALOG_COMPILER_LAUNCHIMAGE_NAME = LaunchImage;
				GCC_PRECOMPILE_PREFIX_HEADER = YES;
				GCC_PREFIX_HEADER = "UIDemo/UIDemo-Prefix.pch";
				INFOPLIST_FILE = "UIDemo/UIDemo-Info.plist";
				PRODUCT_NAME = "$(TARGET_NAME)";
				WRAPPER_EXTENSION = app;
			};
			name = Release;
		};
		7F1F60B01921F46500FCCBD3 /* Debug */ = {
			isa = XCBuildConfiguration;
			buildSettings = {
				BUNDLE_LOADER = "$(BUILT_PRODUCTS_DIR)/UIDemo.app/UIDemo";
				FRAMEWORK_SEARCH_PATHS = (
					"$(SDKROOT)/Developer/Library/Frameworks",
					"$(inherited)",
					"$(DEVELOPER_FRAMEWORKS_DIR)",
				);
				GCC_PRECOMPILE_PREFIX_HEADER = YES;
				GCC_PREFIX_HEADER = "UIDemo/UIDemo-Prefix.pch";
				GCC_PREPROCESSOR_DEFINITIONS = (
					"DEBUG=1",
					"$(inherited)",
				);
				INFOPLIST_FILE = "UIDemoTests/UIDemoTests-Info.plist";
				PRODUCT_NAME = "$(TARGET_NAME)";
				TEST_HOST = "$(BUNDLE_LOADER)";
				WRAPPER_EXTENSION = xctest;
			};
			name = Debug;
		};
		7F1F60B11921F46500FCCBD3 /* Release */ = {
			isa = XCBuildConfiguration;
			buildSettings = {
				BUNDLE_LOADER = "$(BUILT_PRODUCTS_DIR)/UIDemo.app/UIDemo";
				FRAMEWORK_SEARCH_PATHS = (
					"$(SDKROOT)/Developer/Library/Frameworks",
					"$(inherited)",
					"$(DEVELOPER_FRAMEWORKS_DIR)",
				);
				GCC_PRECOMPILE_PREFIX_HEADER = YES;
				GCC_PREFIX_HEADER = "UIDemo/UIDemo-Prefix.pch";
				INFOPLIST_FILE = "UIDemoTests/UIDemoTests-Info.plist";
				PRODUCT_NAME = "$(TARGET_NAME)";
				TEST_HOST = "$(BUNDLE_LOADER)";
				WRAPPER_EXTENSION = xctest;
			};
			name = Release;
		};
/* End XCBuildConfiguration section */

/* Begin XCConfigurationList section */
		7F1F60751921F46500FCCBD3 /* Build configuration list for PBXProject "UIDemo" */ = {
			isa = XCConfigurationList;
			buildConfigurations = (
				7F1F60AA1921F46500FCCBD3 /* Debug */,
				7F1F60AB1921F46500FCCBD3 /* Release */,
			);
			defaultConfigurationIsVisible = 0;
			defaultConfigurationName = Release;
		};
		7F1F60AC1921F46500FCCBD3 /* Build configuration list for PBXNativeTarget "UIDemo" */ = {
			isa = XCConfigurationList;
			buildConfigurations = (
				7F1F60AD1921F46500FCCBD3 /* Debug */,
				7F1F60AE1921F46500FCCBD3 /* Release */,
			);
			defaultConfigurationIsVisible = 0;
		};
		7F1F60AF1921F46500FCCBD3 /* Build configuration list for PBXNativeTarget "UIDemoTests" */ = {
			isa = XCConfigurationList;
			buildConfigurations = (
				7F1F60B01921F46500FCCBD3 /* Debug */,
				7F1F60B11921F46500FCCBD3 /* Release */,
			);
			defaultConfigurationIsVisible = 0;
		};
/* End XCConfigurationList section */
	};
	rootObject = 7F1F60721921F46500FCCBD3 /* Project object */;
}
